
Microsoft Visual Studio Solution File, Format Version 12.00
# Visual Studio Version 16
VisualStudioVersion = 16.0.29215.179
MinimumVisualStudioVersion = 10.0.40219.1
Project("{FAE04EC0-301F-11D3-BF4B-00C04F79EFBC}") = "WebApiWithDapper", "WebApiWithDapper\WebApiWithDapper.csproj", "{CE6B7DC0-DC9E-40AF-94D1-75C9B966204B}"
EndProject
Global
	GlobalSection(SolutionConfigurationPlatforms) = preSolution
		Debug|Any CPU = Debug|Any CPU
		Release|Any CPU = Release|Any CPU
	EndGlobalSection
	GlobalSection(ProjectConfigurationPlatforms) = postSolution
		{CE6B7DC0-DC9E-40AF-94D1-75C9B966204B}.Debug|Any CPU.ActiveCfg = Debug|Any CPU
		{CE6B7DC0-DC9E-40AF-94D1-75C9B966204B}.Debug|Any CPU.Build.0 = Debug|Any CPU
		{CE6B7DC0-DC9E-40AF-94D1-75C9B966204B}.Release|Any CPU.ActiveCfg = Release|Any CPU
		{CE6B7DC0-DC9E-40AF-94D1-75C9B966204B}.Release|Any CPU.Build.0 = Release|Any CPU
	EndGlobalSection
	GlobalSection(SolutionProperties) = preSolution
		HideSolutionNode = FALSE
	EndGlobalSection
	GlobalSection(ExtensibilityGlobals) = postSolution
		SolutionGuid = {C1BE0DEC-9728-4DA1-ADE0-0FE29E6BF4FE}
	EndGlobalSection
EndGlobal
